
Microsoft Visual Studio Solution File, Format Version 12.00
# Visual Studio 15
VisualStudioVersion = 15.0.28010.2041
MinimumVisualStudioVersion = 10.0.40219.1
Project("{FAE04EC0-301F-11D3-BF4B-00C04F79EFBC}") = "Random_Seat", "Random_Seat\Random_Seat.csproj", "{764C7D04-B22A-4557-A2F9-52D847BA7018}"
EndProject
Global
	GlobalSection(SolutionConfigurationPlatforms) = preSolution
		Debug|Any CPU = Debug|Any CPU
		Release|Any CPU = Release|Any CPU
	EndGlobalSection
	GlobalSection(ProjectConfigurationPlatforms) = postSolution
		{764C7D04-B22A-4557-A2F9-52D847BA7018}.Debug|Any CPU.ActiveCfg = Debug|Any CPU
		{764C7D04-B22A-4557-A2F9-52D847BA7018}.Debug|Any CPU.Build.0 = Debug|Any CPU
		{764C7D04-B22A-4557-A2F9-52D847BA7018}.Release|Any CPU.ActiveCfg = Release|Any CPU
		{764C7D04-B22A-4557-A2F9-52D847BA7018}.Release|Any CPU.Build.0 = Release|Any CPU
	EndGlobalSection
	GlobalSection(SolutionProperties) = preSolution
		HideSolutionNode = FALSE
	EndGlobalSection
	GlobalSection(ExtensibilityGlobals) = postSolution
		SolutionGuid = {BAA6F236-1D02-4935-9120-2E012F4DD78E}
	EndGlobalSection
EndGlobal
